schema: '2.0'
stages:
  train:
    cmd: pdm run python src/MECH-M-DUAL-2-MLB-DATA/train.py
    deps:
    - path: data
      hash: md5
      md5: 557e75f3090b006428bb7f7c3dc8b1ac.dir
      size: 1311104
      nfiles: 2
    - path: params.yaml
      hash: md5
      md5: cb73b44317c559fce7c5e035ba5be854
      size: 644
    - path: src/MECH-M-DUAL-2-MLB-DATA/
      hash: md5
      md5: 04fada77883f364319852a650199301d.dir
      size: 24232
      nfiles: 19
    outs:
    - path: dvclive
      hash: md5
      md5: 8b5794172cd9686d5bed89ab11e58001.dir
      size: 20986382
      nfiles: 6
