schema: '2.0'
stages:
  train:
    cmd: pdm run python src/MECH-M-DUAL-2-MLB-DATA/train.py
    deps:
    - path: data
      hash: md5
      md5: 557e75f3090b006428bb7f7c3dc8b1ac.dir
      size: 1311104
      nfiles: 2
    - path: params.yaml
      hash: md5
      md5: cb73b44317c559fce7c5e035ba5be854
      size: 644
    - path: src/MECH-M-DUAL-2-MLB-DATA/
      hash: md5
      md5: fbb0112437aca5870d0e29a1f9ab2ce7.dir
      size: 23305
      nfiles: 19
    outs:
    - path: dvclive
      hash: md5
      md5: 6067ba35771e032bcfd07451b875bf17.dir
      size: 26766341
      nfiles: 6
